{
  "version": 4,
  "terraform_version": "1.12.1",
  "serial": 360,
  "lineage": "59f6dfb4-7a7f-30bf-b2bb-1fb2ebd910f7",
  "outputs": {
    "sagemaker_endpoint_name": {
      "value": "llm-inference-endpoint",
      "type": "string"
    }
  },
  "resources": [
    {
      "module": "module.api_gateway",
      "mode": "managed",
      "type": "aws_apigatewayv2_api",
      "name": "llm_api",
      "provider": "provider[\"registry.terraform.io/hashicorp/aws\"]",
      "instances": [
        {
          "schema_version": 0,
          "attributes": {
            "api_endpoint": "https://tem25n4td6.execute-api.us-east-1.amazonaws.com",
            "api_key_selection_expression": "$request.header.x-api-key",
            "arn": "arn:aws:apigateway:us-east-1::/apis/tem25n4td6",
            "body": null,
            "cors_configuration": [],
            "credentials_arn": null,
            "description": "",
            "disable_execute_api_endpoint": false,
            "execution_arn": "arn:aws:execute-api:us-east-1:133521243113:tem25n4td6",
            "fail_on_warnings": null,
            "id": "tem25n4td6",
            "ip_address_type": "ipv4",
            "name": "llm-api",
            "protocol_type": "HTTP",
            "route_key": null,
            "route_selection_expression": "$request.method $request.path",
            "tags": {},
            "tags_all": {},
            "target": null,
            "version": ""
          },
          "sensitive_attributes": [],
          "identity_schema_version": 0,
          "private": "bnVsbA=="
        }
      ]
    },
    {
      "module": "module.api_gateway",
      "mode": "managed",
      "type": "aws_apigatewayv2_stage",
      "name": "default_stage",
      "provider": "provider[\"registry.terraform.io/hashicorp/aws\"]",
      "instances": [
        {
          "schema_version": 0,
          "attributes": {
            "access_log_settings": [],
            "api_id": "tem25n4td6",
            "arn": "arn:aws:apigateway:us-east-1::/apis/tem25n4td6/stages/$default",
            "auto_deploy": true,
            "client_certificate_id": "",
            "default_route_settings": [
              {
                "data_trace_enabled": false,
                "detailed_metrics_enabled": false,
                "logging_level": "",
                "throttling_burst_limit": 0,
                "throttling_rate_limit": 0
              }
            ],
            "deployment_id": "",
            "description": "",
            "execution_arn": "arn:aws:execute-api:us-east-1:133521243113:tem25n4td6/$default",
            "id": "$default",
            "invoke_url": "https://tem25n4td6.execute-api.us-east-1.amazonaws.com/",
            "name": "$default",
            "route_settings": [],
            "stage_variables": {},
            "tags": {},
            "tags_all": {}
          },
          "sensitive_attributes": [],
          "identity_schema_version": 0,
          "private": "bnVsbA==",
          "dependencies": [
            "module.api_gateway.aws_apigatewayv2_api.llm_api"
          ]
        }
      ]
    },
    {
      "module": "module.lambda",
      "mode": "managed",
      "type": "aws_iam_role",
      "name": "lambda_exec",
      "provider": "provider[\"registry.terraform.io/hashicorp/aws\"]",
      "instances": [
        {
          "schema_version": 0,
          "attributes": {
            "arn": "arn:aws:iam::133521243113:role/lambda_exec_role",
            "assume_role_policy": "{\"Statement\":[{\"Action\":\"sts:AssumeRole\",\"Effect\":\"Allow\",\"Principal\":{\"Service\":\"lambda.amazonaws.com\"}}],\"Version\":\"2012-10-17\"}",
            "create_date": "2025-06-03T06:42:35Z",
            "description": "",
            "force_detach_policies": false,
            "id": "lambda_exec_role",
            "inline_policy": [],
            "managed_policy_arns": [
              "arn:aws:iam::aws:policy/AmazonSageMakerFullAccess"
            ],
            "max_session_duration": 3600,
            "name": "lambda_exec_role",
            "name_prefix": "",
            "path": "/",
            "permissions_boundary": "",
            "tags": {},
            "tags_all": {},
            "unique_id": "AROAR6FT4PPU5AXS7OWZX"
          },
          "sensitive_attributes": [],
          "identity_schema_version": 0,
          "private": "bnVsbA=="
        }
      ]
    },
    {
      "module": "module.lambda",
      "mode": "managed",
      "type": "aws_iam_role_policy_attachment",
      "name": "attach_sagemaker",
      "provider": "provider[\"registry.terraform.io/hashicorp/aws\"]",
      "instances": [
        {
          "schema_version": 0,
          "attributes": {
            "id": "lambda_exec_role-20250603064236200000000001",
            "policy_arn": "arn:aws:iam::aws:policy/AmazonSageMakerFullAccess",
            "role": "lambda_exec_role"
          },
          "sensitive_attributes": [],
          "identity_schema_version": 0,
          "private": "bnVsbA==",
          "dependencies": [
            "module.lambda.aws_iam_role.lambda_exec"
          ]
        }
      ]
    },
    {
      "module": "module.s3",
      "mode": "managed",
      "type": "aws_s3_bucket",
      "name": "model_artifacts",
      "provider": "provider[\"registry.terraform.io/hashicorp/aws\"]",
      "instances": [
        {
          "schema_version": 0,
          "attributes": {
            "acceleration_status": "",
            "acl": null,
            "arn": "arn:aws:s3:::mode-artifacts-bucket-1",
            "bucket": "mode-artifacts-bucket-1",
            "bucket_domain_name": "mode-artifacts-bucket-1.s3.amazonaws.com",
            "bucket_prefix": "",
            "bucket_regional_domain_name": "mode-artifacts-bucket-1.s3.us-east-1.amazonaws.com",
            "cors_rule": [],
            "force_destroy": true,
            "grant": [
              {
                "id": "f22aea147f0a92773cf79d81c6047b1fe3594f860983246ead8a11855dc9d1b2",
                "permissions": [
                  "FULL_CONTROL"
                ],
                "type": "CanonicalUser",
                "uri": ""
              }
            ],
            "hosted_zone_id": "Z3AQBSTGFYJSTF",
            "id": "mode-artifacts-bucket-1",
            "lifecycle_rule": [],
            "logging": [],
            "object_lock_configuration": [],
            "object_lock_enabled": false,
            "policy": "{\"Statement\":[{\"Action\":[\"s3:GetObject\",\"s3:PutObject\",\"s3:ListBucket\"],\"Effect\":\"Allow\",\"Principal\":{\"AWS\":\"arn:aws:iam::133521243113:root\"},\"Resource\":[\"arn:aws:s3:::mode-artifacts-bucket-1\",\"arn:aws:s3:::mode-artifacts-bucket-1/*\"]}],\"Version\":\"2012-10-17\"}",
            "region": "us-east-1",
            "replication_configuration": [],
            "request_payer": "BucketOwner",
            "server_side_encryption_configuration": [
              {
                "rule": [
                  {
                    "apply_server_side_encryption_by_default": [
                      {
                        "kms_master_key_id": "",
                        "sse_algorithm": "AES256"
                      }
                    ],
                    "bucket_key_enabled": false
                  }
                ]
              }
            ],
            "tags": {},
            "tags_all": {},
            "timeouts": null,
            "versioning": [
              {
                "enabled": false,
                "mfa_delete": false
              }
            ],
            "website": [],
            "website_domain": null,
            "website_endpoint": null
          },
          "sensitive_attributes": [],
          "identity_schema_version": 0,
          "private": "eyJlMmJmYjczMC1lY2FhLTExZTYtOGY4OC0zNDM2M2JjN2M0YzAiOnsiY3JlYXRlIjoxMjAwMDAwMDAwMDAwLCJkZWxldGUiOjM2MDAwMDAwMDAwMDAsInJlYWQiOjEyMDAwMDAwMDAwMDAsInVwZGF0ZSI6MTIwMDAwMDAwMDAwMH19"
        }
      ]
    },
    {
      "module": "module.s3",
      "mode": "managed",
      "type": "aws_s3_bucket_policy",
      "name": "allow_sagemaker_access",
      "provider": "provider[\"registry.terraform.io/hashicorp/aws\"]",
      "instances": [
        {
          "schema_version": 0,
          "attributes": {
            "bucket": "mode-artifacts-bucket-1",
            "id": "mode-artifacts-bucket-1",
            "policy": "{\"Statement\":[{\"Action\":[\"s3:GetObject\",\"s3:PutObject\",\"s3:ListBucket\"],\"Effect\":\"Allow\",\"Principal\":{\"AWS\":\"arn:aws:iam::133521243113:root\"},\"Resource\":[\"arn:aws:s3:::mode-artifacts-bucket-1\",\"arn:aws:s3:::mode-artifacts-bucket-1/*\"]}],\"Version\":\"2012-10-17\"}"
          },
          "sensitive_attributes": [],
          "identity_schema_version": 0,
          "private": "bnVsbA==",
          "dependencies": [
            "module.s3.aws_s3_bucket.model_artifacts"
          ]
        }
      ]
    },
    {
      "module": "module.s3",
      "mode": "managed",
      "type": "aws_s3_bucket_public_access_block",
      "name": "block_public_access",
      "provider": "provider[\"registry.terraform.io/hashicorp/aws\"]",
      "instances": [
        {
          "schema_version": 0,
          "attributes": {
            "block_public_acls": true,
            "block_public_policy": true,
            "bucket": "mode-artifacts-bucket-1",
            "id": "mode-artifacts-bucket-1",
            "ignore_public_acls": true,
            "restrict_public_buckets": true
          },
          "sensitive_attributes": [],
          "identity_schema_version": 0,
          "private": "bnVsbA==",
          "dependencies": [
            "module.s3.aws_s3_bucket.model_artifacts"
          ]
        }
      ]
    },
    {
      "module": "module.sagemaker",
      "mode": "managed",
      "type": "aws_iam_policy",
      "name": "sagemaker_s3_access",
      "provider": "provider[\"registry.terraform.io/hashicorp/aws\"]",
      "instances": [
        {
          "schema_version": 0,
          "attributes": {
            "arn": "arn:aws:iam::133521243113:policy/sagemaker-s3-bucket-access",
            "attachment_count": 1,
            "description": "",
            "id": "arn:aws:iam::133521243113:policy/sagemaker-s3-bucket-access",
            "name": "sagemaker-s3-bucket-access",
            "name_prefix": "",
            "path": "/",
            "policy": "{\"Statement\":[{\"Action\":[\"s3:GetObject\",\"s3:ListBucket\"],\"Effect\":\"Allow\",\"Resource\":[\"arn:aws:s3:::mode-artifacts-bucket-1\",\"arn:aws:s3:::mode-artifacts-bucket-1/*\"]}],\"Version\":\"2012-10-17\"}",
            "policy_id": "ANPAR6FT4PPUYFOBL7TFF",
            "tags": {},
            "tags_all": {}
          },
          "sensitive_attributes": [],
          "identity_schema_version": 0,
          "private": "bnVsbA=="
        }
      ]
    },
    {
      "module": "module.sagemaker",
      "mode": "managed",
      "type": "aws_iam_role",
      "name": "sagemaker_exec",
      "provider": "provider[\"registry.terraform.io/hashicorp/aws\"]",
      "instances": [
        {
          "schema_version": 0,
          "attributes": {
            "arn": "arn:aws:iam::133521243113:role/sagemaker-execution-role",
            "assume_role_policy": "{\"Statement\":[{\"Action\":\"sts:AssumeRole\",\"Effect\":\"Allow\",\"Principal\":{\"Service\":\"sagemaker.amazonaws.com\"}}],\"Version\":\"2012-10-17\"}",
            "create_date": "2025-06-03T06:42:35Z",
            "description": "",
            "force_detach_policies": false,
            "id": "sagemaker-execution-role",
            "inline_policy": [],
            "managed_policy_arns": [
              "arn:aws:iam::133521243113:policy/sagemaker-s3-bucket-access",
              "arn:aws:iam::aws:policy/AmazonSageMakerFullAccess"
            ],
            "max_session_duration": 3600,
            "name": "sagemaker-execution-role",
            "name_prefix": "",
            "path": "/",
            "permissions_boundary": "",
            "tags": {},
            "tags_all": {},
            "unique_id": "AROAR6FT4PPUXMGKY6POR"
          },
          "sensitive_attributes": [],
          "identity_schema_version": 0,
          "private": "bnVsbA=="
        }
      ]
    },
    {
      "module": "module.sagemaker",
      "mode": "managed",
      "type": "aws_iam_role_policy_attachment",
      "name": "attach_s3_access",
      "provider": "provider[\"registry.terraform.io/hashicorp/aws\"]",
      "instances": [
        {
          "schema_version": 0,
          "attributes": {
            "id": "sagemaker-execution-role-20250603064236383100000003",
            "policy_arn": "arn:aws:iam::133521243113:policy/sagemaker-s3-bucket-access",
            "role": "sagemaker-execution-role"
          },
          "sensitive_attributes": [],
          "identity_schema_version": 0,
          "private": "bnVsbA==",
          "dependencies": [
            "module.sagemaker.aws_iam_policy.sagemaker_s3_access",
            "module.sagemaker.aws_iam_role.sagemaker_exec"
          ]
        }
      ]
    },
    {
      "module": "module.sagemaker",
      "mode": "managed",
      "type": "aws_iam_role_policy_attachment",
      "name": "sagemaker_access",
      "provider": "provider[\"registry.terraform.io/hashicorp/aws\"]",
      "instances": [
        {
          "schema_version": 0,
          "attributes": {
            "id": "sagemaker-execution-role-20250603064236359600000002",
            "policy_arn": "arn:aws:iam::aws:policy/AmazonSageMakerFullAccess",
            "role": "sagemaker-execution-role"
          },
          "sensitive_attributes": [],
          "identity_schema_version": 0,
          "private": "bnVsbA==",
          "dependencies": [
            "module.sagemaker.aws_iam_role.sagemaker_exec"
          ]
        }
      ]
    },
    {
      "module": "module.sagemaker",
      "mode": "managed",
      "type": "aws_sagemaker_endpoint",
      "name": "llm_endpoint",
      "provider": "provider[\"registry.terraform.io/hashicorp/aws\"]",
      "instances": [
        {
          "status": "tainted",
          "schema_version": 0,
          "attributes": {
            "arn": null,
            "deployment_config": [],
            "endpoint_config_name": "llm-endpoint-config",
            "id": "llm-inference-endpoint",
            "name": "llm-inference-endpoint",
            "tags": null,
            "tags_all": null
          },
          "sensitive_attributes": [],
          "identity_schema_version": 0,
          "private": "bnVsbA==",
          "dependencies": [
            "module.sagemaker.aws_iam_role.sagemaker_exec",
            "module.sagemaker.aws_sagemaker_endpoint_configuration.llm_config",
            "module.sagemaker.aws_sagemaker_model.llm_model"
          ]
        }
      ]
    },
    {
      "module": "module.sagemaker",
      "mode": "managed",
      "type": "aws_sagemaker_endpoint_configuration",
      "name": "llm_config",
      "provider": "provider[\"registry.terraform.io/hashicorp/aws\"]",
      "instances": [
        {
          "schema_version": 0,
          "attributes": {
            "arn": "arn:aws:sagemaker:us-east-1:133521243113:endpoint-config/llm-endpoint-config",
            "async_inference_config": [],
            "data_capture_config": [],
            "id": "llm-endpoint-config",
            "kms_key_arn": "",
            "name": "llm-endpoint-config",
            "name_prefix": "",
            "production_variants": [
              {
                "accelerator_type": "",
                "container_startup_health_check_timeout_in_seconds": 0,
                "core_dump_config": [],
                "enable_ssm_access": false,
                "inference_ami_version": "",
                "initial_instance_count": 1,
                "initial_variant_weight": 1,
                "instance_type": "ml.t2.medium",
                "managed_instance_scaling": [],
                "model_data_download_timeout_in_seconds": 0,
                "model_name": "llm-model",
                "routing_config": [],
                "serverless_config": [],
                "variant_name": "AllTraffic",
                "volume_size_in_gb": 0
              }
            ],
            "shadow_production_variants": [],
            "tags": {},
            "tags_all": {}
          },
          "sensitive_attributes": [],
          "identity_schema_version": 0,
          "private": "bnVsbA==",
          "dependencies": [
            "module.sagemaker.aws_iam_role.sagemaker_exec",
            "module.sagemaker.aws_sagemaker_model.llm_model"
          ]
        }
      ]
    },
    {
      "module": "module.sagemaker",
      "mode": "managed",
      "type": "aws_sagemaker_model",
      "name": "llm_model",
      "provider": "provider[\"registry.terraform.io/hashicorp/aws\"]",
      "instances": [
        {
          "schema_version": 0,
          "attributes": {
            "arn": "arn:aws:sagemaker:us-east-1:133521243113:model/llm-model",
            "container": [],
            "enable_network_isolation": false,
            "execution_role_arn": "arn:aws:iam::133521243113:role/sagemaker-execution-role",
            "id": "llm-model",
            "inference_execution_config": [],
            "name": "llm-model",
            "primary_container": [
              {
                "container_hostname": "",
                "environment": {
                  "SAGEMAKER_PROGRAM": "serve.py",
                  "SAGEMAKER_SUBMIT_DIRECTORY": "s3://mode-artifacts-bucket-1/model.tar.gz"
                },
                "image": "133521243113.dkr.ecr.us-east-1.amazonaws.com/qa-repo:latest",
                "image_config": [],
                "inference_specification_name": "",
                "mode": "SingleModel",
                "model_data_source": [
                  {
                    "s3_data_source": [
                      {
                        "compression_type": "Gzip",
                        "model_access_config": [],
                        "s3_data_type": "S3Object",
                        "s3_uri": "s3://mode-artifacts-bucket-1/model.tar.gz"
                      }
                    ]
                  }
                ],
                "model_data_url": "s3://mode-artifacts-bucket-1/model.tar.gz",
                "model_package_name": "",
                "multi_model_config": []
              }
            ],
            "tags": {},
            "tags_all": {},
            "vpc_config": []
          },
          "sensitive_attributes": [],
          "identity_schema_version": 0,
          "private": "bnVsbA==",
          "dependencies": [
            "module.sagemaker.aws_iam_role.sagemaker_exec"
          ]
        }
      ]
    }
  ],
  "check_results": null
}
